
Microsoft Visual Studio Solution File, Format Version 12.00
# Visual Studio Version 16
VisualStudioVersion = 16.0.30907.101
MinimumVisualStudioVersion = 10.0.40219.1
Project("{FAE04EC0-301F-11D3-BF4B-00C04F79EFBC}") = "MoviesForEveryone", "MoviesForEveryone\MoviesForEveryone.csproj", "{2140E403-068E-43D0-A07E-1B05A90DF9E7}"
EndProject
Global
	GlobalSection(SolutionConfigurationPlatforms) = preSolution
		Debug|Any CPU = Debug|Any CPU
		Release|Any CPU = Release|Any CPU
	EndGlobalSection
	GlobalSection(ProjectConfigurationPlatforms) = postSolution
		{2140E403-068E-43D0-A07E-1B05A90DF9E7}.Debug|Any CPU.ActiveCfg = Debug|Any CPU
		{2140E403-068E-43D0-A07E-1B05A90DF9E7}.Debug|Any CPU.Build.0 = Debug|Any CPU
		{2140E403-068E-43D0-A07E-1B05A90DF9E7}.Release|Any CPU.ActiveCfg = Release|Any CPU
		{2140E403-068E-43D0-A07E-1B05A90DF9E7}.Release|Any CPU.Build.0 = Release|Any CPU
	EndGlobalSection
	GlobalSection(SolutionProperties) = preSolution
		HideSolutionNode = FALSE
	EndGlobalSection
	GlobalSection(ExtensibilityGlobals) = postSolution
		SolutionGuid = {5F2A6EB5-5B65-4956-BD32-2CEDCC9A6977}
	EndGlobalSection
EndGlobal
